
Microsoft Visual Studio Solution File, Format Version 12.00
# Visual Studio Version 16
VisualStudioVersion = 16.0.29613.14
MinimumVisualStudioVersion = 10.0.40219.1
Project("{FAE04EC0-301F-11D3-BF4B-00C04F79EFBC}") = "ConventionStageEnsa", "ConventionStageEnsa\ConventionStageEnsa.csproj", "{76555037-1CE3-435A-957B-D0005178F84B}"
EndProject
Project("{FAE04EC0-301F-11D3-BF4B-00C04F79EFBC}") = "DataLibrary", "DataLibrary\DataLibrary.csproj", "{CC2C47B4-16BE-4CF3-86FD-B0E42F81135A}"
EndProject
Project("{00D1A9C2-B5F0-4AF3-8072-F6C62B433612}") = "ConventionStageEnsaDB", "ConventionStageEnsaDB\ConventionStageEnsaDB.sqlproj", "{7948F15B-637E-4A31-9846-DEB90FE754F0}"
EndProject
Global
	GlobalSection(SolutionConfigurationPlatforms) = preSolution
		Debug|Any CPU = Debug|Any CPU
		Release|Any CPU = Release|Any CPU
	EndGlobalSection
	GlobalSection(ProjectConfigurationPlatforms) = postSolution
		{76555037-1CE3-435A-957B-D0005178F84B}.Debug|Any CPU.ActiveCfg = Debug|Any CPU
		{76555037-1CE3-435A-957B-D0005178F84B}.Debug|Any CPU.Build.0 = Debug|Any CPU
		{76555037-1CE3-435A-957B-D0005178F84B}.Release|Any CPU.ActiveCfg = Release|Any CPU
		{76555037-1CE3-435A-957B-D0005178F84B}.Release|Any CPU.Build.0 = Release|Any CPU
		{CC2C47B4-16BE-4CF3-86FD-B0E42F81135A}.Debug|Any CPU.ActiveCfg = Debug|Any CPU
		{CC2C47B4-16BE-4CF3-86FD-B0E42F81135A}.Debug|Any CPU.Build.0 = Debug|Any CPU
		{CC2C47B4-16BE-4CF3-86FD-B0E42F81135A}.Release|Any CPU.ActiveCfg = Release|Any CPU
		{CC2C47B4-16BE-4CF3-86FD-B0E42F81135A}.Release|Any CPU.Build.0 = Release|Any CPU
		{7948F15B-637E-4A31-9846-DEB90FE754F0}.Debug|Any CPU.ActiveCfg = Debug|Any CPU
		{7948F15B-637E-4A31-9846-DEB90FE754F0}.Debug|Any CPU.Build.0 = Debug|Any CPU
		{7948F15B-637E-4A31-9846-DEB90FE754F0}.Debug|Any CPU.Deploy.0 = Debug|Any CPU
		{7948F15B-637E-4A31-9846-DEB90FE754F0}.Release|Any CPU.ActiveCfg = Release|Any CPU
		{7948F15B-637E-4A31-9846-DEB90FE754F0}.Release|Any CPU.Build.0 = Release|Any CPU
		{7948F15B-637E-4A31-9846-DEB90FE754F0}.Release|Any CPU.Deploy.0 = Release|Any CPU
	EndGlobalSection
	GlobalSection(SolutionProperties) = preSolution
		HideSolutionNode = FALSE
	EndGlobalSection
	GlobalSection(ExtensibilityGlobals) = postSolution
		SolutionGuid = {AC4600DA-3A41-4EA2-9099-2D3A60A8F9DD}
	EndGlobalSection
EndGlobal
